{
<<<<<<< HEAD
  "name": "fiistore",
  "version": "0.1.0",
=======
  "name": "electron-react-boilerplate",
  "version": "4.6.0",
>>>>>>> upstream/main
  "lockfileVersion": 2,
  "requires": true,
  "packages": {
    "": {
<<<<<<< HEAD
      "name": "fiistore",
      "version": "0.1.0",
=======
      "name": "electron-react-boilerplate",
      "version": "4.6.0",
>>>>>>> upstream/main
      "hasInstallScript": true,
      "license": "MIT"
    }
  }
}
